
Microsoft Visual Studio Solution File, Format Version 12.00
# Visual Studio Version 16
VisualStudioVersion = 16.0.31605.320
MinimumVisualStudioVersion = 10.0.40219.1
Project("{FAE04EC0-301F-11D3-BF4B-00C04F79EFBC}") = "Sort algorithms", "Sort algorithms.csproj", "{E7C45D89-08A7-4984-8D1E-DF00C9D85B39}"
EndProject
Global
	GlobalSection(SolutionConfigurationPlatforms) = preSolution
		Debug|Any CPU = Debug|Any CPU
		Release|Any CPU = Release|Any CPU
	EndGlobalSection
	GlobalSection(ProjectConfigurationPlatforms) = postSolution
		{E7C45D89-08A7-4984-8D1E-DF00C9D85B39}.Debug|Any CPU.ActiveCfg = Debug|Any CPU
		{E7C45D89-08A7-4984-8D1E-DF00C9D85B39}.Debug|Any CPU.Build.0 = Debug|Any CPU
		{E7C45D89-08A7-4984-8D1E-DF00C9D85B39}.Release|Any CPU.ActiveCfg = Release|Any CPU
		{E7C45D89-08A7-4984-8D1E-DF00C9D85B39}.Release|Any CPU.Build.0 = Release|Any CPU
	EndGlobalSection
	GlobalSection(SolutionProperties) = preSolution
		HideSolutionNode = FALSE
	EndGlobalSection
	GlobalSection(ExtensibilityGlobals) = postSolution
		SolutionGuid = {CFC61788-3858-494F-90EA-76D053EF8FE0}
	EndGlobalSection
EndGlobal
